
Microsoft Visual Studio Solution File, Format Version 12.00
# Visual Studio 14
VisualStudioVersion = 14.0.25420.1
MinimumVisualStudioVersion = 10.0.40219.1
Project("{FAE04EC0-301F-11D3-BF4B-00C04F79EFBC}") = "Unity Utilities", "Unity Utilities\Unity Utilities.csproj", "{7C52B01C-ECF1-4C01-8418-B92936A95140}"
EndProject
Project("{FAE04EC0-301F-11D3-BF4B-00C04F79EFBC}") = "Unity Utilities.Editor", "Unity Utilities.Editor\Unity Utilities.Editor.csproj", "{B751AF8E-4EF7-41FE-9956-C28D1E696E1E}"
EndProject
Global
	GlobalSection(SolutionConfigurationPlatforms) = preSolution
		Debug|Any CPU = Debug|Any CPU
		Release|Any CPU = Release|Any CPU
	EndGlobalSection
	GlobalSection(ProjectConfigurationPlatforms) = postSolution
		{7C52B01C-ECF1-4C01-8418-B92936A95140}.Debug|Any CPU.ActiveCfg = Debug|Any CPU
		{7C52B01C-ECF1-4C01-8418-B92936A95140}.Debug|Any CPU.Build.0 = Debug|Any CPU
		{7C52B01C-ECF1-4C01-8418-B92936A95140}.Release|Any CPU.ActiveCfg = Release|Any CPU
		{7C52B01C-ECF1-4C01-8418-B92936A95140}.Release|Any CPU.Build.0 = Release|Any CPU
		{B751AF8E-4EF7-41FE-9956-C28D1E696E1E}.Debug|Any CPU.ActiveCfg = Debug|Any CPU
		{B751AF8E-4EF7-41FE-9956-C28D1E696E1E}.Debug|Any CPU.Build.0 = Debug|Any CPU
		{B751AF8E-4EF7-41FE-9956-C28D1E696E1E}.Release|Any CPU.ActiveCfg = Release|Any CPU
		{B751AF8E-4EF7-41FE-9956-C28D1E696E1E}.Release|Any CPU.Build.0 = Release|Any CPU
	EndGlobalSection
	GlobalSection(SolutionProperties) = preSolution
		HideSolutionNode = FALSE
	EndGlobalSection
EndGlobal
